
Microsoft Visual Studio Solution File, Format Version 12.00
# Visual Studio Version 17
VisualStudioVersion = 17.10.35201.131
MinimumVisualStudioVersion = 10.0.40219.1
Project("{2150E333-8FDC-42A3-9474-1A3956D46DE8}") = "DataLayer", "DataLayer", "{A7116599-5F82-4F97-929C-3E4F1A85B25F}"
EndProject
Project("{2150E333-8FDC-42A3-9474-1A3956D46DE8}") = "BusinessLayer", "BusinessLayer", "{2E1F5E82-F3B5-4CEB-849F-6A50B1027576}"
EndProject
Project("{FAE04EC0-301F-11D3-BF4B-00C04F79EFBC}") = "BusinessLayer", "..\..\..\JonasCodingTest\BusinessLayer\BusinessLayer.csproj", "{00F13A47-C8B4-4599-99CC-6CB9C38C656A}"
EndProject
Project("{FAE04EC0-301F-11D3-BF4B-00C04F79EFBC}") = "BusinessLayer.Model", "..\..\..\JonasCodingTest\BusinessLayer.Model\BusinessLayer.Model.csproj", "{CE655844-563B-4981-82DE-FD6CC292BE0D}"
EndProject
Project("{FAE04EC0-301F-11D3-BF4B-00C04F79EFBC}") = "DataAccessLayer", "..\..\..\JonasCodingTest\DataAccessLayer\DataAccessLayer.csproj", "{8F8CE3A0-BFCC-4CA1-BBB2-170AAC4E263E}"
EndProject
Project("{FAE04EC0-301F-11D3-BF4B-00C04F79EFBC}") = "DataAccessLayer.Model", "..\..\..\JonasCodingTest\DataLayer.Model\DataAccessLayer.Model.csproj", "{44867C7E-02D8-40A2-B2C4-0463F31B945E}"
EndProject
Project("{FAE04EC0-301F-11D3-BF4B-00C04F79EFBC}") = "WebApi", "..\..\..\JonasCodingTest\WebApi\WebApi.csproj", "{81C79AC6-1500-4088-A223-1ACBF93EBF7A}"
EndProject
Global
	GlobalSection(SolutionConfigurationPlatforms) = preSolution
		Debug|Any CPU = Debug|Any CPU
		Release|Any CPU = Release|Any CPU
	EndGlobalSection
	GlobalSection(ProjectConfigurationPlatforms) = postSolution
		{00F13A47-C8B4-4599-99CC-6CB9C38C656A}.Debug|Any CPU.ActiveCfg = Debug|Any CPU
		{00F13A47-C8B4-4599-99CC-6CB9C38C656A}.Debug|Any CPU.Build.0 = Debug|Any CPU
		{00F13A47-C8B4-4599-99CC-6CB9C38C656A}.Release|Any CPU.ActiveCfg = Release|Any CPU
		{00F13A47-C8B4-4599-99CC-6CB9C38C656A}.Release|Any CPU.Build.0 = Release|Any CPU
		{CE655844-563B-4981-82DE-FD6CC292BE0D}.Debug|Any CPU.ActiveCfg = Debug|Any CPU
		{CE655844-563B-4981-82DE-FD6CC292BE0D}.Debug|Any CPU.Build.0 = Debug|Any CPU
		{CE655844-563B-4981-82DE-FD6CC292BE0D}.Release|Any CPU.ActiveCfg = Release|Any CPU
		{CE655844-563B-4981-82DE-FD6CC292BE0D}.Release|Any CPU.Build.0 = Release|Any CPU
		{8F8CE3A0-BFCC-4CA1-BBB2-170AAC4E263E}.Debug|Any CPU.ActiveCfg = Debug|Any CPU
		{8F8CE3A0-BFCC-4CA1-BBB2-170AAC4E263E}.Debug|Any CPU.Build.0 = Debug|Any CPU
		{8F8CE3A0-BFCC-4CA1-BBB2-170AAC4E263E}.Release|Any CPU.ActiveCfg = Release|Any CPU
		{8F8CE3A0-BFCC-4CA1-BBB2-170AAC4E263E}.Release|Any CPU.Build.0 = Release|Any CPU
		{44867C7E-02D8-40A2-B2C4-0463F31B945E}.Debug|Any CPU.ActiveCfg = Debug|Any CPU
		{44867C7E-02D8-40A2-B2C4-0463F31B945E}.Debug|Any CPU.Build.0 = Debug|Any CPU
		{44867C7E-02D8-40A2-B2C4-0463F31B945E}.Release|Any CPU.ActiveCfg = Release|Any CPU
		{44867C7E-02D8-40A2-B2C4-0463F31B945E}.Release|Any CPU.Build.0 = Release|Any CPU
		{81C79AC6-1500-4088-A223-1ACBF93EBF7A}.Debug|Any CPU.ActiveCfg = Debug|Any CPU
		{81C79AC6-1500-4088-A223-1ACBF93EBF7A}.Debug|Any CPU.Build.0 = Debug|Any CPU
		{81C79AC6-1500-4088-A223-1ACBF93EBF7A}.Release|Any CPU.ActiveCfg = Release|Any CPU
		{81C79AC6-1500-4088-A223-1ACBF93EBF7A}.Release|Any CPU.Build.0 = Release|Any CPU
	EndGlobalSection
	GlobalSection(SolutionProperties) = preSolution
		HideSolutionNode = FALSE
	EndGlobalSection
	GlobalSection(NestedProjects) = preSolution
		{00F13A47-C8B4-4599-99CC-6CB9C38C656A} = {2E1F5E82-F3B5-4CEB-849F-6A50B1027576}
		{CE655844-563B-4981-82DE-FD6CC292BE0D} = {2E1F5E82-F3B5-4CEB-849F-6A50B1027576}
		{8F8CE3A0-BFCC-4CA1-BBB2-170AAC4E263E} = {A7116599-5F82-4F97-929C-3E4F1A85B25F}
		{44867C7E-02D8-40A2-B2C4-0463F31B945E} = {A7116599-5F82-4F97-929C-3E4F1A85B25F}
	EndGlobalSection
	GlobalSection(ExtensibilityGlobals) = postSolution
		SolutionGuid = {A94542C7-592D-4271-833E-94BDFB0CA2F2}
	EndGlobalSection
EndGlobal
